
Microsoft Visual Studio Solution File, Format Version 12.00
# Visual Studio Version 17
VisualStudioVersion = 17.3.32922.545
MinimumVisualStudioVersion = 10.0.40219.1
Project("{9A19103F-16F7-4668-BE54-9A1E7A4F7556}") = "Import Invalid Documents", "Import Invalid Documents\Import Invalid Documents.csproj", "{7B568D3D-6A97-4393-8CC5-28E417D07F19}"
EndProject
Project("{54435603-DBB4-11D2-8724-00A0C9A8B90C}") = "Setup Import Invalid Documents", "Setup Import Invalid Documents\Setup Import Invalid Documents.vdproj", "{25D04632-4B22-4711-AA34-C233A171E0CE}"
EndProject
Global
	GlobalSection(SolutionConfigurationPlatforms) = preSolution
		Debug|Any CPU = Debug|Any CPU
		Release|Any CPU = Release|Any CPU
	EndGlobalSection
	GlobalSection(ProjectConfigurationPlatforms) = postSolution
		{7B568D3D-6A97-4393-8CC5-28E417D07F19}.Debug|Any CPU.ActiveCfg = Debug|Any CPU
		{7B568D3D-6A97-4393-8CC5-28E417D07F19}.Debug|Any CPU.Build.0 = Debug|Any CPU
		{7B568D3D-6A97-4393-8CC5-28E417D07F19}.Release|Any CPU.ActiveCfg = Release|Any CPU
		{7B568D3D-6A97-4393-8CC5-28E417D07F19}.Release|Any CPU.Build.0 = Release|Any CPU
		{25D04632-4B22-4711-AA34-C233A171E0CE}.Debug|Any CPU.ActiveCfg = Debug
		{25D04632-4B22-4711-AA34-C233A171E0CE}.Release|Any CPU.ActiveCfg = Release
	EndGlobalSection
	GlobalSection(SolutionProperties) = preSolution
		HideSolutionNode = FALSE
	EndGlobalSection
	GlobalSection(ExtensibilityGlobals) = postSolution
		SolutionGuid = {D909EDAF-5219-47A7-89D5-7695A478FA7D}
	EndGlobalSection
EndGlobal
